
Microsoft Visual Studio Solution File, Format Version 12.00
# Visual Studio Version 17
VisualStudioVersion = 17.8.34330.188
MinimumVisualStudioVersion = 10.0.40219.1
Project("{9A19103F-16F7-4668-BE54-9A1E7A4F7556}") = "BulkyWeb", "BulkyWeb\BulkyWeb.csproj", "{EC6563E3-06E8-419A-9BB1-46241F6A4AD2}"
EndProject
Project("{9A19103F-16F7-4668-BE54-9A1E7A4F7556}") = "BulkyWebRazor_Temp", "BulkyWebRazor_Temp\BulkyWebRazor_Temp.csproj", "{AD8AD23A-DE28-4C01-AE68-D930B1FDB2DD}"
EndProject
Project("{FAE04EC0-301F-11D3-BF4B-00C04F79EFBC}") = "Bulky.DataAccess", "Bulky.DataAccess\Bulky.DataAccess.csproj", "{5502B110-DC61-4EF4-82DE-CF6BAB4BF2D2}"
EndProject
Project("{FAE04EC0-301F-11D3-BF4B-00C04F79EFBC}") = "Bulky.Models", "Bulky.Models\Bulky.Models.csproj", "{02155B6D-1553-4B62-8EA4-D39122924462}"
EndProject
Project("{FAE04EC0-301F-11D3-BF4B-00C04F79EFBC}") = "Bulky.Utility", "Bulky.Utility\Bulky.Utility.csproj", "{401E269E-F225-4A49-84A1-0ABF849002F5}"
EndProject
Global
	GlobalSection(SolutionConfigurationPlatforms) = preSolution
		Debug|Any CPU = Debug|Any CPU
		Release|Any CPU = Release|Any CPU
	EndGlobalSection
	GlobalSection(ProjectConfigurationPlatforms) = postSolution
		{EC6563E3-06E8-419A-9BB1-46241F6A4AD2}.Debug|Any CPU.ActiveCfg = Debug|Any CPU
		{EC6563E3-06E8-419A-9BB1-46241F6A4AD2}.Debug|Any CPU.Build.0 = Debug|Any CPU
		{EC6563E3-06E8-419A-9BB1-46241F6A4AD2}.Release|Any CPU.ActiveCfg = Release|Any CPU
		{EC6563E3-06E8-419A-9BB1-46241F6A4AD2}.Release|Any CPU.Build.0 = Release|Any CPU
		{AD8AD23A-DE28-4C01-AE68-D930B1FDB2DD}.Debug|Any CPU.ActiveCfg = Debug|Any CPU
		{AD8AD23A-DE28-4C01-AE68-D930B1FDB2DD}.Debug|Any CPU.Build.0 = Debug|Any CPU
		{AD8AD23A-DE28-4C01-AE68-D930B1FDB2DD}.Release|Any CPU.ActiveCfg = Release|Any CPU
		{AD8AD23A-DE28-4C01-AE68-D930B1FDB2DD}.Release|Any CPU.Build.0 = Release|Any CPU
		{5502B110-DC61-4EF4-82DE-CF6BAB4BF2D2}.Debug|Any CPU.ActiveCfg = Debug|Any CPU
		{5502B110-DC61-4EF4-82DE-CF6BAB4BF2D2}.Debug|Any CPU.Build.0 = Debug|Any CPU
		{5502B110-DC61-4EF4-82DE-CF6BAB4BF2D2}.Release|Any CPU.ActiveCfg = Release|Any CPU
		{5502B110-DC61-4EF4-82DE-CF6BAB4BF2D2}.Release|Any CPU.Build.0 = Release|Any CPU
		{02155B6D-1553-4B62-8EA4-D39122924462}.Debug|Any CPU.ActiveCfg = Debug|Any CPU
		{02155B6D-1553-4B62-8EA4-D39122924462}.Debug|Any CPU.Build.0 = Debug|Any CPU
		{02155B6D-1553-4B62-8EA4-D39122924462}.Release|Any CPU.ActiveCfg = Release|Any CPU
		{02155B6D-1553-4B62-8EA4-D39122924462}.Release|Any CPU.Build.0 = Release|Any CPU
		{401E269E-F225-4A49-84A1-0ABF849002F5}.Debug|Any CPU.ActiveCfg = Debug|Any CPU
		{401E269E-F225-4A49-84A1-0ABF849002F5}.Debug|Any CPU.Build.0 = Debug|Any CPU
		{401E269E-F225-4A49-84A1-0ABF849002F5}.Release|Any CPU.ActiveCfg = Release|Any CPU
		{401E269E-F225-4A49-84A1-0ABF849002F5}.Release|Any CPU.Build.0 = Release|Any CPU
	EndGlobalSection
	GlobalSection(SolutionProperties) = preSolution
		HideSolutionNode = FALSE
	EndGlobalSection
	GlobalSection(ExtensibilityGlobals) = postSolution
		SolutionGuid = {41D4718A-D82A-4D01-B6E6-FD4D36F7194F}
	EndGlobalSection
EndGlobal
